
Microsoft Visual Studio Solution File, Format Version 12.00
# Visual Studio Version 16
VisualStudioVersion = 16.0.31005.135
MinimumVisualStudioVersion = 10.0.40219.1
Project("{9A19103F-16F7-4668-BE54-9A1E7A4F7556}") = "OnlineBookstore", "OnlineBookstore.csproj", "{906436AA-060F-4069-B4B6-3A81D55D5A94}"
EndProject
Global
	GlobalSection(SolutionConfigurationPlatforms) = preSolution
		Debug|Any CPU = Debug|Any CPU
		Release|Any CPU = Release|Any CPU
	EndGlobalSection
	GlobalSection(ProjectConfigurationPlatforms) = postSolution
		{906436AA-060F-4069-B4B6-3A81D55D5A94}.Debug|Any CPU.ActiveCfg = Debug|Any CPU
		{906436AA-060F-4069-B4B6-3A81D55D5A94}.Debug|Any CPU.Build.0 = Debug|Any CPU
		{906436AA-060F-4069-B4B6-3A81D55D5A94}.Release|Any CPU.ActiveCfg = Release|Any CPU
		{906436AA-060F-4069-B4B6-3A81D55D5A94}.Release|Any CPU.Build.0 = Release|Any CPU
	EndGlobalSection
	GlobalSection(SolutionProperties) = preSolution
		HideSolutionNode = FALSE
	EndGlobalSection
	GlobalSection(ExtensibilityGlobals) = postSolution
		SolutionGuid = {877655C9-462F-482B-9D34-129A00F39286}
	EndGlobalSection
EndGlobal
